# THIS IS AN AUTOGENERATED FILE. DO NOT EDIT THIS FILE DIRECTLY.
# yarn lockfile v1


"@lukeed/csprng@^1.0.0":
  version "1.1.0"
  resolved "https://registry.npmjs.org/@lukeed/csprng/-/csprng-1.1.0.tgz"
  integrity sha512-Z7C/xXCiGWsg0KuKsHTKJxbWhpI3Vs5GwLfOean7MGyVFGqdRgBbAjOCh6u4bbjPc/8MJ2pZmK/0DLdCbivLDA==

"@tooooools/html-to-svg@^1.17.1":
  version "1.17.1"
  resolved "https://registry.npmjs.org/@tooooools/html-to-svg/-/html-to-svg-1.17.1.tgz"
  integrity sha512-Oq3vbO8zAXIakRW7kkYuo3mssYTRkij+nee7m3pad3FhcFVgW8NOaFaynF7AwZtKT0EhcXS+BKy7qe+/gyO6aA==
  dependencies:
    gradient-parser "^1.0.2"
    opentype.js "1.3.4"
    transformation-matrix "^3.0.0"
    uid "^2.0.2"

gradient-parser@^1.0.2:
  version "1.2.0"
  resolved "https://registry.npmjs.org/gradient-parser/-/gradient-parser-1.2.0.tgz"
  integrity sha512-6ABGa9CR7WR/0pAJicBy5SJkiikbFM6kf/JjykwX7x+t+s8ORWVnlbi6FkHeFFb36yWsjUpHqSYrygd7ofEUqA==

opentype.js@1.3.4:
  version "1.3.4"
  resolved "https://registry.npmjs.org/opentype.js/-/opentype.js-1.3.4.tgz"
  integrity sha512-d2JE9RP/6uagpQAVtJoF0pJJA/fgai89Cc50Yp0EJHk+eLp6QQ7gBoblsnubRULNY132I0J1QKMJ+JTbMqz4sw==
  dependencies:
    string.prototype.codepointat "^0.2.1"
    tiny-inflate "^1.0.3"

string.prototype.codepointat@^0.2.1:
  version "0.2.1"
  resolved "https://registry.npmjs.org/string.prototype.codepointat/-/string.prototype.codepointat-0.2.1.tgz"
  integrity sha512-2cBVCj6I4IOvEnjgO/hWqXjqBGsY+zwPmHl12Srk9IXSZ56Jwwmy+66XO5Iut/oQVR7t5ihYdLB0GMa4alEUcg==

tiny-inflate@^1.0.3:
  version "1.0.3"
  resolved "https://registry.npmjs.org/tiny-inflate/-/tiny-inflate-1.0.3.tgz"
  integrity sha512-pkY1fj1cKHb2seWDy0B16HeWyczlJA9/WW3u3c4z/NiWDsO3DOU5D7nhTLE9CF0yXv/QZFY7sEJmj24dK+Rrqw==

transformation-matrix@^3.0.0:
  version "3.1.0"
  resolved "https://registry.npmjs.org/transformation-matrix/-/transformation-matrix-3.1.0.tgz"
  integrity sha512-oYubRWTi2tYFHAL2J8DLvPIqIYcYZ0fSOi2vmSy042Ho4jBW2ce6VP7QfD44t65WQz6bw5w1Pk22J7lcUpaTKA==

uid@^2.0.2:
  version "2.0.2"
  resolved "https://registry.npmjs.org/uid/-/uid-2.0.2.tgz"
  integrity sha512-u3xV3X7uzvi5b1MncmZo3i2Aw222Zk1keqLA1YkHldREkAhAqi65wuPfe7lHx8H/Wzy+8CE7S7uS3jekIM5s8g==
  dependencies:
    "@lukeed/csprng" "^1.0.0"
